
Microsoft Visual Studio Solution File, Format Version 12.00
# Visual Studio Version 17
VisualStudioVersion = 17.9.34622.214
MinimumVisualStudioVersion = 10.0.40219.1
Project("{FAE04EC0-301F-11D3-BF4B-00C04F79EFBC}") = "T6(69451)", "T6(69451).csproj", "{89F163BF-AD87-4655-99FC-A30CADB43565}"
EndProject
Global
	GlobalSection(SolutionConfigurationPlatforms) = preSolution
		Debug|Any CPU = Debug|Any CPU
		Release|Any CPU = Release|Any CPU
	EndGlobalSection
	GlobalSection(ProjectConfigurationPlatforms) = postSolution
		{89F163BF-AD87-4655-99FC-A30CADB43565}.Debug|Any CPU.ActiveCfg = Debug|Any CPU
		{89F163BF-AD87-4655-99FC-A30CADB43565}.Debug|Any CPU.Build.0 = Debug|Any CPU
		{89F163BF-AD87-4655-99FC-A30CADB43565}.Release|Any CPU.ActiveCfg = Release|Any CPU
		{89F163BF-AD87-4655-99FC-A30CADB43565}.Release|Any CPU.Build.0 = Release|Any CPU
	EndGlobalSection
	GlobalSection(SolutionProperties) = preSolution
		HideSolutionNode = FALSE
	EndGlobalSection
	GlobalSection(ExtensibilityGlobals) = postSolution
		SolutionGuid = {772BE1E3-96C6-4ACB-ABD8-3D3E77C2C12B}
	EndGlobalSection
EndGlobal
